
Microsoft Visual Studio Solution File, Format Version 12.00
# Visual Studio 2012
Project("{FAE04EC0-301F-11D3-BF4B-00C04F79EFBC}") = "MyMvcRazorApp", "MyMvcRazorApp\MyMvcRazorApp.csproj", "{0B051C5C-156B-43D0-B0BC-2D6695BC2FF7}"
EndProject
Project("{FAE04EC0-301F-11D3-BF4B-00C04F79EFBC}") = "MyMvcRazorApp.Tests", "MyMvcRazorApp.Tests\MyMvcRazorApp.Tests.csproj", "{6DEC6758-B268-44A1-A913-69C7E9A2785D}"
EndProject
Global
	GlobalSection(SolutionConfigurationPlatforms) = preSolution
		Debug|Any CPU = Debug|Any CPU
		Release|Any CPU = Release|Any CPU
	EndGlobalSection
	GlobalSection(ProjectConfigurationPlatforms) = postSolution
		{0B051C5C-156B-43D0-B0BC-2D6695BC2FF7}.Debug|Any CPU.ActiveCfg = Debug|Any CPU
		{0B051C5C-156B-43D0-B0BC-2D6695BC2FF7}.Debug|Any CPU.Build.0 = Debug|Any CPU
		{0B051C5C-156B-43D0-B0BC-2D6695BC2FF7}.Release|Any CPU.ActiveCfg = Release|Any CPU
		{0B051C5C-156B-43D0-B0BC-2D6695BC2FF7}.Release|Any CPU.Build.0 = Release|Any CPU
		{6DEC6758-B268-44A1-A913-69C7E9A2785D}.Debug|Any CPU.ActiveCfg = Debug|Any CPU
		{6DEC6758-B268-44A1-A913-69C7E9A2785D}.Debug|Any CPU.Build.0 = Debug|Any CPU
		{6DEC6758-B268-44A1-A913-69C7E9A2785D}.Release|Any CPU.ActiveCfg = Release|Any CPU
		{6DEC6758-B268-44A1-A913-69C7E9A2785D}.Release|Any CPU.Build.0 = Release|Any CPU
	EndGlobalSection
EndGlobal
